# THIS IS AN AUTOGENERATED FILE. DO NOT EDIT THIS FILE DIRECTLY.
# yarn lockfile v1


"@fortawesome/fontawesome-free@^5.3.1":
  version "5.4.2"
  resolved "https://registry.yarnpkg.com/@fortawesome/fontawesome-free/-/fontawesome-free-5.4.2.tgz#b2d782da69c45ea61954291e2615a8f7741c96b2"

ace-diff@^2.3.0:
  version "2.3.0"
  resolved "https://registry.yarnpkg.com/ace-diff/-/ace-diff-2.3.0.tgz#682a4805cdef4b881b577486d3b6327dd18e3124"
  dependencies:
    diff-match-patch "^1.0.0"
    lodash "^4.17.4"

bootstrap3-dialog@^1.35.4:
  version "1.35.4"
  resolved "https://registry.yarnpkg.com/bootstrap3-dialog/-/bootstrap3-dialog-1.35.4.tgz#07323b5654dae5b65ac5ea2471a8437c70964d3c"

bootstrap@3.3.7:
  version "3.3.7"
  resolved "https://registry.yarnpkg.com/bootstrap/-/bootstrap-3.3.7.tgz#5a389394549f23330875a3b150656574f8a9eb71"

diff-match-patch@^1.0.0:
  version "1.0.4"
  resolved "https://registry.yarnpkg.com/diff-match-patch/-/diff-match-patch-1.0.4.tgz#6ac4b55237463761c4daf0dc603eb869124744b1"

diff@^3.5.0:
  version "3.5.0"
  resolved "https://registry.yarnpkg.com/diff/-/diff-3.5.0.tgz#800c0dd1e0a8bfbc95835c202ad220fe317e5a12"

highlight-within-textarea@^2.0.5:
  version "2.0.5"
  resolved "https://registry.yarnpkg.com/highlight-within-textarea/-/highlight-within-textarea-2.0.5.tgz#77aa0efdf9b842c581cc2726cf2a458bbaea0550"

jquery-popup-overlay@^1.7.4:
  version "1.7.4"
  resolved "http://registry.npmjs.org/jquery-popup-overlay/-/jquery-popup-overlay-1.7.4.tgz#0474750902689d40fb3f6759298622878b42c5b6"

lodash@^4.17.4:
  version "4.17.11"
  resolved "https://registry.yarnpkg.com/lodash/-/lodash-4.17.11.tgz#b39ea6229ef607ecd89e2c8df12536891cac9b8d"

moment@^2.22.2:
  version "2.22.2"
  resolved "https://registry.yarnpkg.com/moment/-/moment-2.22.2.tgz#3c257f9839fc0e93ff53149632239eb90783ff66"

notifyjs-browser@^0.4.2:
  version "0.4.2"
  resolved "https://registry.yarnpkg.com/notifyjs-browser/-/notifyjs-browser-0.4.2.tgz#4837b5dc00cba367d30c0b51472ed3a082a55033"

tokenfield@^1.1.0:
  version "1.1.0"
  resolved "https://registry.yarnpkg.com/tokenfield/-/tokenfield-1.1.0.tgz#fd780105e57acb6bc42da2fdb6921649a2b2db8f"
