# THIS IS AN AUTOGENERATED FILE. DO NOT EDIT THIS FILE DIRECTLY.
# yarn lockfile v1


"@fortawesome/fontawesome-free@^5.3.1":
  version "5.3.1"
  resolved "https://registry.yarnpkg.com/@fortawesome/fontawesome-free/-/fontawesome-free-5.3.1.tgz#5466b8f31c1f493a96754c1426c25796d0633dd9"

ace-diff@^2.3.0:
  version "2.3.0"
  resolved "https://registry.yarnpkg.com/ace-diff/-/ace-diff-2.3.0.tgz#682a4805cdef4b881b577486d3b6327dd18e3124"
  dependencies:
    diff-match-patch "^1.0.0"
    lodash "^4.17.4"

bootstrap3-dialog@^1.35.4:
  version "1.35.4"
  resolved "https://registry.yarnpkg.com/bootstrap3-dialog/-/bootstrap3-dialog-1.35.4.tgz#07323b5654dae5b65ac5ea2471a8437c70964d3c"

bootstrap@3.3.7:
  version "3.3.7"
  resolved "https://registry.yarnpkg.com/bootstrap/-/bootstrap-3.3.7.tgz#5a389394549f23330875a3b150656574f8a9eb71"

diff-match-patch@^1.0.0:
  version "1.0.4"
  resolved "https://registry.yarnpkg.com/diff-match-patch/-/diff-match-patch-1.0.4.tgz#6ac4b55237463761c4daf0dc603eb869124744b1"

diff@^3.5.0:
  version "3.5.0"
  resolved "https://registry.yarnpkg.com/diff/-/diff-3.5.0.tgz#800c0dd1e0a8bfbc95835c202ad220fe317e5a12"

highlight-within-textarea@^2.0.5:
  version "2.0.5"
  resolved "https://registry.yarnpkg.com/highlight-within-textarea/-/highlight-within-textarea-2.0.5.tgz#77aa0efdf9b842c581cc2726cf2a458bbaea0550"

lodash@^4.17.4:
  version "4.17.11"
  resolved "https://registry.yarnpkg.com/lodash/-/lodash-4.17.11.tgz#b39ea6229ef607ecd89e2c8df12536891cac9b8d"

moment@^2.22.2:
  version "2.22.2"
  resolved "https://registry.yarnpkg.com/moment/-/moment-2.22.2.tgz#3c257f9839fc0e93ff53149632239eb90783ff66"
